// !$*UTF8*$!
{
	archiveVersion = 1;
	classes = {
	};
	objectVersion = 56;
	objects = {

/* Begin PBXBuildFile section */
		181121882B14DDE9008FD958 /* ServePlacement.mp4 in Resources */ = {isa = PBXBuildFile; fileRef = 181121872B14DDE9008FD958 /* ServePlacement.mp4 */; };
		1828EBBF2B0F3C2C0080BB51 /* LowServerTrajectoryDetailSingleView.swift in Sources */ = {isa = PBXBuildFile; fileRef = 1828EBBE2B0F3C2C0080BB51 /* LowServerTrajectoryDetailSingleView.swift */; };
		1828EBC12B0F64200080BB51 /* LowServePlacementDetailSingleView.swift in Sources */ = {isa = PBXBuildFile; fileRef = 1828EBC02B0F64200080BB51 /* LowServePlacementDetailSingleView.swift */; };
		18361F3C2AFF878700CBD1D8 /* LowServeAdvanced.json in Resources */ = {isa = PBXBuildFile; fileRef = 18361F382AFF878700CBD1D8 /* LowServeAdvanced.json */; };
		18361F3D2AFF878700CBD1D8 /* LowServeIntermediate.json in Resources */ = {isa = PBXBuildFile; fileRef = 18361F392AFF878700CBD1D8 /* LowServeIntermediate.json */; };
		18361F3E2AFF878700CBD1D8 /* LowServeExperienced.json in Resources */ = {isa = PBXBuildFile; fileRef = 18361F3A2AFF878700CBD1D8 /* LowServeExperienced.json */; };
		18361F3F2AFF878700CBD1D8 /* iPhone Landscape to Portrait.json in Resources */ = {isa = PBXBuildFile; fileRef = 18361F3B2AFF878700CBD1D8 /* iPhone Landscape to Portrait.json */; };
		183B337A2AFA8B59004E023D /* ForceOrientation.swift in Sources */ = {isa = PBXBuildFile; fileRef = 183B33792AFA8B59004E023D /* ForceOrientation.swift */; };
		183B337C2AFA92CC004E023D /* TechniqueView.swift in Sources */ = {isa = PBXBuildFile; fileRef = 183B337B2AFA92CC004E023D /* TechniqueView.swift */; };
		183C87902AFD39E100C210AB /* ItemVideoView.swift in Sources */ = {isa = PBXBuildFile; fileRef = 183C878F2AFD39E100C210AB /* ItemVideoView.swift */; };
		184E02EA2AF174480004C569 /* Font+Ext.swift in Sources */ = {isa = PBXBuildFile; fileRef = 184E02E72AF174480004C569 /* Font+Ext.swift */; };
		184E02EB2AF174480004C569 /* View+Ext.swift in Sources */ = {isa = PBXBuildFile; fileRef = 184E02E82AF174480004C569 /* View+Ext.swift */; };
		184E02EC2AF174480004C569 /* Date+Ext.swift in Sources */ = {isa = PBXBuildFile; fileRef = 184E02E92AF174480004C569 /* Date+Ext.swift */; };
		184E02EE2AF1745C0004C569 /* DataContoller.swift in Sources */ = {isa = PBXBuildFile; fileRef = 184E02ED2AF1745C0004C569 /* DataContoller.swift */; };
		184E02F72AF192F60004C569 /* Drop Shot.json in Resources */ = {isa = PBXBuildFile; fileRef = 184E02F02AF192F60004C569 /* Drop Shot.json */; };
		184E02F82AF192F60004C569 /* Iphone Rotate.json in Resources */ = {isa = PBXBuildFile; fileRef = 184E02F12AF192F60004C569 /* Iphone Rotate.json */; };
		184E02F92AF192F60004C569 /* Drive Shot.json in Resources */ = {isa = PBXBuildFile; fileRef = 184E02F22AF192F60004C569 /* Drive Shot.json */; };
		184E02FA2AF192F60004C569 /* Clear Shot.json in Resources */ = {isa = PBXBuildFile; fileRef = 184E02F32AF192F60004C569 /* Clear Shot.json */; };
		184E02FB2AF192F60004C569 /* Low Serve.json in Resources */ = {isa = PBXBuildFile; fileRef = 184E02F42AF192F60004C569 /* Low Serve.json */; };
		184E02FC2AF192F60004C569 /* High Serve.json in Resources */ = {isa = PBXBuildFile; fileRef = 184E02F52AF192F60004C569 /* High Serve.json */; };
		184E02FD2AF192F60004C569 /* Smash.json in Resources */ = {isa = PBXBuildFile; fileRef = 184E02F62AF192F60004C569 /* Smash.json */; };
		188062F12AF9536400310F93 /* SFSymbol.swift in Sources */ = {isa = PBXBuildFile; fileRef = 188062F02AF9536400310F93 /* SFSymbol.swift */; };
		188062F32AF9537E00310F93 /* ActionEnum.swift in Sources */ = {isa = PBXBuildFile; fileRef = 188062F22AF9537E00310F93 /* ActionEnum.swift */; };
		18922FF62AFD2EBC001B68EF /* LowServeTrajectoryDetailView.swift in Sources */ = {isa = PBXBuildFile; fileRef = 18922FF52AFD2EBC001B68EF /* LowServeTrajectoryDetailView.swift */; };
		18AD0C132AF95ADB0019DD60 /* Database.xcdatamodeld in Sources */ = {isa = PBXBuildFile; fileRef = 18AD0C112AF95ADB0019DD60 /* Database.xcdatamodeld */; };
		18B08E682B11032D0074FAD5 /* CardPlain.swift in Sources */ = {isa = PBXBuildFile; fileRef = 18B08E672B11032D0074FAD5 /* CardPlain.swift */; };
		18CD6E0D2AF953A60087B24D /* Button.swift in Sources */ = {isa = PBXBuildFile; fileRef = 18CD6E0C2AF953A60087B24D /* Button.swift */; };
		18CD6E0F2AF953AC0087B24D /* Card.swift in Sources */ = {isa = PBXBuildFile; fileRef = 18CD6E0E2AF953AC0087B24D /* Card.swift */; };
		18CD6E112AF953B70087B24D /* ImageHero.swift in Sources */ = {isa = PBXBuildFile; fileRef = 18CD6E102AF953B70087B24D /* ImageHero.swift */; };
		18CD6E132AF953C40087B24D /* NavbarBack.swift in Sources */ = {isa = PBXBuildFile; fileRef = 18CD6E122AF953C40087B24D /* NavbarBack.swift */; };
		18CD6E152AF953D50087B24D /* Text.swift in Sources */ = {isa = PBXBuildFile; fileRef = 18CD6E142AF953D50087B24D /* Text.swift */; };
		18CD6E172AF953E20087B24D /* SheetShare.swift in Sources */ = {isa = PBXBuildFile; fileRef = 18CD6E162AF953E20087B24D /* SheetShare.swift */; };
		18CD6E192AF953EA0087B24D /* Lottie.swift in Sources */ = {isa = PBXBuildFile; fileRef = 18CD6E182AF953EA0087B24D /* Lottie.swift */; };
		18CD6E1B2AF953FC0087B24D /* Thumbnail.swift in Sources */ = {isa = PBXBuildFile; fileRef = 18CD6E1A2AF953FC0087B24D /* Thumbnail.swift */; };
		18CD6E1D2AF955250087B24D /* Counter.swift in Sources */ = {isa = PBXBuildFile; fileRef = 18CD6E1C2AF955250087B24D /* Counter.swift */; };
		18CD6E1F2AF955580087B24D /* SessionDelegator.swift in Sources */ = {isa = PBXBuildFile; fileRef = 18CD6E1E2AF955580087B24D /* SessionDelegator.swift */; };
		18CD6E202AF9571E0087B24D /* Counter.swift in Sources */ = {isa = PBXBuildFile; fileRef = 18CD6E1C2AF955250087B24D /* Counter.swift */; };
		18CD6E212AF957210087B24D /* SessionDelegator.swift in Sources */ = {isa = PBXBuildFile; fileRef = 18CD6E1E2AF955580087B24D /* SessionDelegator.swift */; };
		18CEF7252B022ACA00952E16 /* Urbanist-Medium.ttf in Resources */ = {isa = PBXBuildFile; fileRef = 18CEF7232B022ACA00952E16 /* Urbanist-Medium.ttf */; };
		18CEF7262B022ACA00952E16 /* Urbanist.ttf in Resources */ = {isa = PBXBuildFile; fileRef = 18CEF7242B022ACA00952E16 /* Urbanist.ttf */; };
		18EE72C92B08797700DE7BE7 /* LocalStorage.swift in Sources */ = {isa = PBXBuildFile; fileRef = 18EE72C82B08797700DE7BE7 /* LocalStorage.swift */; };
		18EE72CB2B08D04F00DE7BE7 /* LowServePlacementView.swift in Sources */ = {isa = PBXBuildFile; fileRef = 18EE72CA2B08D04F00DE7BE7 /* LowServePlacementView.swift */; };
		370F77252B0213CC00BB2194 /* Localizable.strings in Resources */ = {isa = PBXBuildFile; fileRef = 370F77272B0213CC00BB2194 /* Localizable.strings */; };
		374C43582B0B8B30007A4F1A /* LocalizableText.swift in Sources */ = {isa = PBXBuildFile; fileRef = 374C43572B0B8B30007A4F1A /* LocalizableText.swift */; };
		374C435A2B0BD8C4007A4F1A /* LowServePlacementDetailView.swift in Sources */ = {isa = PBXBuildFile; fileRef = 374C43592B0BD8C4007A4F1A /* LowServePlacementDetailView.swift */; };
		374C435B2B0BED86007A4F1A /* Localizable.strings in Sources */ = {isa = PBXBuildFile; fileRef = 370F77272B0213CC00BB2194 /* Localizable.strings */; };
		374C435C2B0BED86007A4F1A /* LocalizableText.swift in Sources */ = {isa = PBXBuildFile; fileRef = 374C43572B0B8B30007A4F1A /* LocalizableText.swift */; };
		374C43652B0E7C84007A4F1A /* Placement.mov in Resources */ = {isa = PBXBuildFile; fileRef = 374C43672B0E7C84007A4F1A /* Placement.mov */; };
		374C43682B0E7C92007A4F1A /* Placement.mov in Resources */ = {isa = PBXBuildFile; fileRef = 374C436A2B0E7C92007A4F1A /* Placement.mov */; };
		374C436B2B0E7C9C007A4F1A /* Trajectory.mov in Resources */ = {isa = PBXBuildFile; fileRef = 374C436D2B0E7C9C007A4F1A /* Trajectory.mov */; };
		374C436E2B0E7CA2007A4F1A /* Trajectory.mov in Resources */ = {isa = PBXBuildFile; fileRef = 374C43702B0E7CA2007A4F1A /* Trajectory.mov */; };
		374C43722B0E8671007A4F1A /* ServeTrajectory.mp4 in Resources */ = {isa = PBXBuildFile; fileRef = 374C43712B0E8671007A4F1A /* ServeTrajectory.mp4 */; };
		376D3E6D2AFAA3E6006A7A4A /* (null) in Sources */ = {isa = PBXBuildFile; };
		37ADDF512B4A03880016EB07 /* Tutorial.mp4 in Resources */ = {isa = PBXBuildFile; fileRef = 37ADDF502B4A03880016EB07 /* Tutorial.mp4 */; };
		37B5E7622B0F4AC0003A72DC /* LowServe-Lintasan.json in Resources */ = {isa = PBXBuildFile; fileRef = 37B5E7602B0F4AC0003A72DC /* LowServe-Lintasan.json */; };
		37B5E7632B0F4AC0003A72DC /* LowServe-Penempatan.json in Resources */ = {isa = PBXBuildFile; fileRef = 37B5E7612B0F4AC0003A72DC /* LowServe-Penempatan.json */; };
		37B5E7662B10EA93003A72DC /* Low Serve - Lintasan.gif in Resources */ = {isa = PBXBuildFile; fileRef = 37B5E7642B10EA93003A72DC /* Low Serve - Lintasan.gif */; };
		37B5E7672B10EA93003A72DC /* Low Serve - Penempatan.gif in Resources */ = {isa = PBXBuildFile; fileRef = 37B5E7652B10EA93003A72DC /* Low Serve - Penempatan.gif */; };
		37B5E76D2B10F1A3003A72DC /* GifImage.swift in Sources */ = {isa = PBXBuildFile; fileRef = 37B5E76C2B10F1A3003A72DC /* GifImage.swift */; };
		BE0A4E762B11AA74005E1518 /* Iphone Portrait to Landscape.gif in Resources */ = {isa = PBXBuildFile; fileRef = BE0A4E742B11AA74005E1518 /* Iphone Portrait to Landscape.gif */; };
		BE0A4E772B11AA74005E1518 /* Iphone Landscape to Portrait.gif in Resources */ = {isa = PBXBuildFile; fileRef = BE0A4E752B11AA74005E1518 /* Iphone Landscape to Portrait.gif */; };
		BE8F8DF32AF044A900616288 /* Lottie in Frameworks */ = {isa = PBXBuildFile; productRef = BE8F8DF22AF044A900616288 /* Lottie */; };
		BEA1C0AB2AF031A300BFF1A4 /* ComplicationController.swift in Sources */ = {isa = PBXBuildFile; fileRef = BEA1C0AA2AF031A300BFF1A4 /* ComplicationController.swift */; };
		BEA1C1582AF0436D00BFF1A4 /* RotateToLandscapeView.swift in Sources */ = {isa = PBXBuildFile; fileRef = BEA1C11C2AF0436D00BFF1A4 /* RotateToLandscapeView.swift */; };
		BEA1C1592AF0436D00BFF1A4 /* RotateToPotraitView.swift in Sources */ = {isa = PBXBuildFile; fileRef = BEA1C11D2AF0436D00BFF1A4 /* RotateToPotraitView.swift */; };
		BEA1C15A2AF0436D00BFF1A4 /* SplashView.swift in Sources */ = {isa = PBXBuildFile; fileRef = BEA1C11F2AF0436D00BFF1A4 /* SplashView.swift */; };
		BEA1C15C2AF0436D00BFF1A4 /* RecordView.swift in Sources */ = {isa = PBXBuildFile; fileRef = BEA1C1232AF0436D00BFF1A4 /* RecordView.swift */; };
		BEA1C15D2AF0436D00BFF1A4 /* BallScene.swift in Sources */ = {isa = PBXBuildFile; fileRef = BEA1C1262AF0436D00BFF1A4 /* BallScene.swift */; };
		BEA1C15E2AF0436D00BFF1A4 /* Animations.swift in Sources */ = {isa = PBXBuildFile; fileRef = BEA1C1272AF0436D00BFF1A4 /* Animations.swift */; };
		BEA1C15F2AF0436D00BFF1A4 /* TrajectoryView.swift in Sources */ = {isa = PBXBuildFile; fileRef = BEA1C1282AF0436D00BFF1A4 /* TrajectoryView.swift */; };
		BEA1C1602AF0436D00BFF1A4 /* AppError.swift in Sources */ = {isa = PBXBuildFile; fileRef = BEA1C1292AF0436D00BFF1A4 /* AppError.swift */; };
		BEA1C1612AF0436D00BFF1A4 /* HomeViewController.swift in Sources */ = {isa = PBXBuildFile; fileRef = BEA1C12A2AF0436D00BFF1A4 /* HomeViewController.swift */; };
		BEA1C1622AF0436D00BFF1A4 /* CameraViewController.swift in Sources */ = {isa = PBXBuildFile; fileRef = BEA1C12B2AF0436D00BFF1A4 /* CameraViewController.swift */; };
		BEA1C1642AF0436D00BFF1A4 /* ContentAnalysisViewController.swift in Sources */ = {isa = PBXBuildFile; fileRef = BEA1C12D2AF0436D00BFF1A4 /* ContentAnalysisViewController.swift */; };
		BEA1C1652AF0436D00BFF1A4 /* VideoRenderView.swift in Sources */ = {isa = PBXBuildFile; fileRef = BEA1C12F2AF0436D00BFF1A4 /* VideoRenderView.swift */; };
		BEA1C1662AF0436D00BFF1A4 /* CameraFeedView.swift in Sources */ = {isa = PBXBuildFile; fileRef = BEA1C1302AF0436D00BFF1A4 /* CameraFeedView.swift */; };
		BEA1C1672AF0436D00BFF1A4 /* HomeViewRepresentable.swift in Sources */ = {isa = PBXBuildFile; fileRef = BEA1C1312AF0436D00BFF1A4 /* HomeViewRepresentable.swift */; };
		BEA1C1682AF0436D00BFF1A4 /* LoadingRecordView.swift in Sources */ = {isa = PBXBuildFile; fileRef = BEA1C1322AF0436D00BFF1A4 /* LoadingRecordView.swift */; };
		BEA1C1692AF0436D00BFF1A4 /* ProgressView.swift in Sources */ = {isa = PBXBuildFile; fileRef = BEA1C1342AF0436D00BFF1A4 /* ProgressView.swift */; };
		BEA1C16A2AF0436D00BFF1A4 /* LowServeTrajectoryView.swift in Sources */ = {isa = PBXBuildFile; fileRef = BEA1C1362AF0436D00BFF1A4 /* LowServeTrajectoryView.swift */; };
		BEA1C16D2AF0436D00BFF1A4 /* CameraGuideView.swift in Sources */ = {isa = PBXBuildFile; fileRef = BEA1C13B2AF0436D00BFF1A4 /* CameraGuideView.swift */; };
		BEA1C16E2AF0436D00BFF1A4 /* HomeViewModel.swift in Sources */ = {isa = PBXBuildFile; fileRef = BEA1C13D2AF0436D00BFF1A4 /* HomeViewModel.swift */; };
		BEA1C16F2AF0436D00BFF1A4 /* HomeView.swift in Sources */ = {isa = PBXBuildFile; fileRef = BEA1C13E2AF0436D00BFF1A4 /* HomeView.swift */; };
		BEA1C1712AF0436D00BFF1A4 /* MainView.swift in Sources */ = {isa = PBXBuildFile; fileRef = BEA1C1402AF0436D00BFF1A4 /* MainView.swift */; };
		BEA1C1722AF0436D00BFF1A4 /* OnboardingView.swift in Sources */ = {isa = PBXBuildFile; fileRef = BEA1C1422AF0436D00BFF1A4 /* OnboardingView.swift */; };
		BEAAB9A12AF0476C00277B45 /* StartPage.swift in Sources */ = {isa = PBXBuildFile; fileRef = BEAAB9A02AF0476C00277B45 /* StartPage.swift */; };
		BEAAB9A32AF0477300277B45 /* ActivityRingView.swift in Sources */ = {isa = PBXBuildFile; fileRef = BEAAB9A22AF0477300277B45 /* ActivityRingView.swift */; };
		BEF748342AF02AAF00E8FB8B /* ascentttApp.swift in Sources */ = {isa = PBXBuildFile; fileRef = BEF748332AF02AAF00E8FB8B /* ascentttApp.swift */; };
		BEF748382AF02AB000E8FB8B /* Assets.xcassets in Resources */ = {isa = PBXBuildFile; fileRef = BEF748372AF02AB000E8FB8B /* Assets.xcassets */; };
		BEF7483B2AF02AB000E8FB8B /* Preview Assets.xcassets in Resources */ = {isa = PBXBuildFile; fileRef = BEF7483A2AF02AB000E8FB8B /* Preview Assets.xcassets */; };
		BEF748412AF02AB000E8FB8B /* Swooz.app in Embed Watch Content */ = {isa = PBXBuildFile; fileRef = BEF748402AF02AB000E8FB8B /* Swooz.app */; settings = {ATTRIBUTES = (RemoveHeadersOnCopy, ); }; };
		BEF748462AF02AB000E8FB8B /* ascentttApp.swift in Sources */ = {isa = PBXBuildFile; fileRef = BEF748452AF02AB000E8FB8B /* ascentttApp.swift */; };
		BEF748482AF02AB000E8FB8B /* ContentView.swift in Sources */ = {isa = PBXBuildFile; fileRef = BEF748472AF02AB000E8FB8B /* ContentView.swift */; };
		BEF7484A2AF02AB000E8FB8B /* Assets.xcassets in Resources */ = {isa = PBXBuildFile; fileRef = BEF748492AF02AB000E8FB8B /* Assets.xcassets */; };
		BEF7484D2AF02AB000E8FB8B /* Preview Assets.xcassets in Resources */ = {isa = PBXBuildFile; fileRef = BEF7484C2AF02AB000E8FB8B /* Preview Assets.xcassets */; };
/* End PBXBuildFile section */

/* Begin PBXContainerItemProxy section */
		BEF748422AF02AB000E8FB8B /* PBXContainerItemProxy */ = {
			isa = PBXContainerItemProxy;
			containerPortal = BEF748282AF02AAF00E8FB8B /* Project object */;
			proxyType = 1;
			remoteGlobalIDString = BEF7483F2AF02AB000E8FB8B;
			remoteInfo = "ascenttt Watch App";
		};
/* End PBXContainerItemProxy section */

/* Begin PBXCopyFilesBuildPhase section */
		BEF748532AF02AB000E8FB8B /* Embed Watch Content */ = {
			isa = PBXCopyFilesBuildPhase;
			buildActionMask = 2147483647;
			dstPath = "$(CONTENTS_FOLDER_PATH)/Watch";
			dstSubfolderSpec = 16;
			files = (
				BEF748412AF02AB000E8FB8B /* Swooz.app in Embed Watch Content */,
			);
			name = "Embed Watch Content";
			runOnlyForDeploymentPostprocessing = 0;
		};
/* End PBXCopyFilesBuildPhase section */

/* Begin PBXFileReference section */
		181121872B14DDE9008FD958 /* ServePlacement.mp4 */ = {isa = PBXFileReference; lastKnownFileType = file; path = ServePlacement.mp4; sourceTree = "<group>"; };
		1828EBBE2B0F3C2C0080BB51 /* LowServerTrajectoryDetailSingleView.swift */ = {isa = PBXFileReference; lastKnownFileType = sourcecode.swift; path = LowServerTrajectoryDetailSingleView.swift; sourceTree = "<group>"; };
		1828EBC02B0F64200080BB51 /* LowServePlacementDetailSingleView.swift */ = {isa = PBXFileReference; lastKnownFileType = sourcecode.swift; path = LowServePlacementDetailSingleView.swift; sourceTree = "<group>"; };
		18361F382AFF878700CBD1D8 /* LowServeAdvanced.json */ = {isa = PBXFileReference; fileEncoding = 4; lastKnownFileType = text.json; path = LowServeAdvanced.json; sourceTree = "<group>"; };
		18361F392AFF878700CBD1D8 /* LowServeIntermediate.json */ = {isa = PBXFileReference; fileEncoding = 4; lastKnownFileType = text.json; path = LowServeIntermediate.json; sourceTree = "<group>"; };
		18361F3A2AFF878700CBD1D8 /* LowServeExperienced.json */ = {isa = PBXFileReference; fileEncoding = 4; lastKnownFileType = text.json; path = LowServeExperienced.json; sourceTree = "<group>"; };
		18361F3B2AFF878700CBD1D8 /* iPhone Landscape to Portrait.json */ = {isa = PBXFileReference; fileEncoding = 4; lastKnownFileType = text.json; path = "iPhone Landscape to Portrait.json"; sourceTree = "<group>"; };
		183B33792AFA8B59004E023D /* ForceOrientation.swift */ = {isa = PBXFileReference; lastKnownFileType = sourcecode.swift; path = ForceOrientation.swift; sourceTree = "<group>"; };
		183B337B2AFA92CC004E023D /* TechniqueView.swift */ = {isa = PBXFileReference; lastKnownFileType = sourcecode.swift; path = TechniqueView.swift; sourceTree = "<group>"; };
		183C878F2AFD39E100C210AB /* ItemVideoView.swift */ = {isa = PBXFileReference; lastKnownFileType = sourcecode.swift; path = ItemVideoView.swift; sourceTree = "<group>"; };
		184E02E72AF174480004C569 /* Font+Ext.swift */ = {isa = PBXFileReference; fileEncoding = 4; lastKnownFileType = sourcecode.swift; path = "Font+Ext.swift"; sourceTree = "<group>"; };
		184E02E82AF174480004C569 /* View+Ext.swift */ = {isa = PBXFileReference; fileEncoding = 4; lastKnownFileType = sourcecode.swift; path = "View+Ext.swift"; sourceTree = "<group>"; };
		184E02E92AF174480004C569 /* Date+Ext.swift */ = {isa = PBXFileReference; fileEncoding = 4; lastKnownFileType = sourcecode.swift; path = "Date+Ext.swift"; sourceTree = "<group>"; };
		184E02ED2AF1745C0004C569 /* DataContoller.swift */ = {isa = PBXFileReference; fileEncoding = 4; lastKnownFileType = sourcecode.swift; path = DataContoller.swift; sourceTree = "<group>"; };
		184E02F02AF192F60004C569 /* Drop Shot.json */ = {isa = PBXFileReference; fileEncoding = 4; lastKnownFileType = text.json; path = "Drop Shot.json"; sourceTree = "<group>"; };
		184E02F12AF192F60004C569 /* Iphone Rotate.json */ = {isa = PBXFileReference; fileEncoding = 4; lastKnownFileType = text.json; path = "Iphone Rotate.json"; sourceTree = "<group>"; };
		184E02F22AF192F60004C569 /* Drive Shot.json */ = {isa = PBXFileReference; fileEncoding = 4; lastKnownFileType = text.json; path = "Drive Shot.json"; sourceTree = "<group>"; };
		184E02F32AF192F60004C569 /* Clear Shot.json */ = {isa = PBXFileReference; fileEncoding = 4; lastKnownFileType = text.json; path = "Clear Shot.json"; sourceTree = "<group>"; };
		184E02F42AF192F60004C569 /* Low Serve.json */ = {isa = PBXFileReference; fileEncoding = 4; lastKnownFileType = text.json; path = "Low Serve.json"; sourceTree = "<group>"; };
		184E02F52AF192F60004C569 /* High Serve.json */ = {isa = PBXFileReference; fileEncoding = 4; lastKnownFileType = text.json; path = "High Serve.json"; sourceTree = "<group>"; };
		184E02F62AF192F60004C569 /* Smash.json */ = {isa = PBXFileReference; fileEncoding = 4; lastKnownFileType = text.json; path = Smash.json; sourceTree = "<group>"; };
		188062F02AF9536400310F93 /* SFSymbol.swift */ = {isa = PBXFileReference; lastKnownFileType = sourcecode.swift; path = SFSymbol.swift; sourceTree = "<group>"; };
		188062F22AF9537E00310F93 /* ActionEnum.swift */ = {isa = PBXFileReference; lastKnownFileType = sourcecode.swift; path = ActionEnum.swift; sourceTree = "<group>"; };
		18922FF52AFD2EBC001B68EF /* LowServeTrajectoryDetailView.swift */ = {isa = PBXFileReference; lastKnownFileType = sourcecode.swift; path = LowServeTrajectoryDetailView.swift; sourceTree = "<group>"; };
		18AD0C122AF95ADB0019DD60 /* Database.xcdatamodel */ = {isa = PBXFileReference; lastKnownFileType = wrapper.xcdatamodel; path = Database.xcdatamodel; sourceTree = "<group>"; };
		18B08E672B11032D0074FAD5 /* CardPlain.swift */ = {isa = PBXFileReference; lastKnownFileType = sourcecode.swift; path = CardPlain.swift; sourceTree = "<group>"; };
		18CD6E0C2AF953A60087B24D /* Button.swift */ = {isa = PBXFileReference; lastKnownFileType = sourcecode.swift; path = Button.swift; sourceTree = "<group>"; };
		18CD6E0E2AF953AC0087B24D /* Card.swift */ = {isa = PBXFileReference; lastKnownFileType = sourcecode.swift; path = Card.swift; sourceTree = "<group>"; };
		18CD6E102AF953B70087B24D /* ImageHero.swift */ = {isa = PBXFileReference; lastKnownFileType = sourcecode.swift; path = ImageHero.swift; sourceTree = "<group>"; };
		18CD6E122AF953C40087B24D /* NavbarBack.swift */ = {isa = PBXFileReference; lastKnownFileType = sourcecode.swift; path = NavbarBack.swift; sourceTree = "<group>"; };
		18CD6E142AF953D50087B24D /* Text.swift */ = {isa = PBXFileReference; lastKnownFileType = sourcecode.swift; path = Text.swift; sourceTree = "<group>"; };
		18CD6E162AF953E20087B24D /* SheetShare.swift */ = {isa = PBXFileReference; lastKnownFileType = sourcecode.swift; path = SheetShare.swift; sourceTree = "<group>"; };
		18CD6E182AF953EA0087B24D /* Lottie.swift */ = {isa = PBXFileReference; lastKnownFileType = sourcecode.swift; path = Lottie.swift; sourceTree = "<group>"; };
		18CD6E1A2AF953FC0087B24D /* Thumbnail.swift */ = {isa = PBXFileReference; lastKnownFileType = sourcecode.swift; path = Thumbnail.swift; sourceTree = "<group>"; };
		18CD6E1C2AF955250087B24D /* Counter.swift */ = {isa = PBXFileReference; lastKnownFileType = sourcecode.swift; path = Counter.swift; sourceTree = "<group>"; };
		18CD6E1E2AF955580087B24D /* SessionDelegator.swift */ = {isa = PBXFileReference; lastKnownFileType = sourcecode.swift; path = SessionDelegator.swift; sourceTree = "<group>"; };
		18CEF7232B022ACA00952E16 /* Urbanist-Medium.ttf */ = {isa = PBXFileReference; lastKnownFileType = file; path = "Urbanist-Medium.ttf"; sourceTree = "<group>"; };
		18CEF7242B022ACA00952E16 /* Urbanist.ttf */ = {isa = PBXFileReference; lastKnownFileType = file; path = Urbanist.ttf; sourceTree = "<group>"; };
		18CEF7292B02317E00952E16 /* Info.plist */ = {isa = PBXFileReference; lastKnownFileType = text.plist; path = Info.plist; sourceTree = "<group>"; };
		18EE72C82B08797700DE7BE7 /* LocalStorage.swift */ = {isa = PBXFileReference; lastKnownFileType = sourcecode.swift; path = LocalStorage.swift; sourceTree = "<group>"; };
		18EE72CA2B08D04F00DE7BE7 /* LowServePlacementView.swift */ = {isa = PBXFileReference; lastKnownFileType = sourcecode.swift; path = LowServePlacementView.swift; sourceTree = "<group>"; };
		370F77262B0213CC00BB2194 /* en */ = {isa = PBXFileReference; lastKnownFileType = text.plist.strings; name = en; path = en.lproj/Localizable.strings; sourceTree = "<group>"; };
		370F77282B0213CD00BB2194 /* id */ = {isa = PBXFileReference; lastKnownFileType = text.plist.strings; name = id; path = id.lproj/Localizable.strings; sourceTree = "<group>"; };
		374C43572B0B8B30007A4F1A /* LocalizableText.swift */ = {isa = PBXFileReference; lastKnownFileType = sourcecode.swift; path = LocalizableText.swift; sourceTree = "<group>"; };
		374C43592B0BD8C4007A4F1A /* LowServePlacementDetailView.swift */ = {isa = PBXFileReference; lastKnownFileType = sourcecode.swift; path = LowServePlacementDetailView.swift; sourceTree = "<group>"; };
		374C43662B0E7C84007A4F1A /* en */ = {isa = PBXFileReference; lastKnownFileType = video.quicktime; name = en; path = en.lproj/Placement.mov; sourceTree = "<group>"; };
		374C43692B0E7C92007A4F1A /* id */ = {isa = PBXFileReference; lastKnownFileType = video.quicktime; name = id; path = id.lproj/Placement.mov; sourceTree = "<group>"; };
		374C436C2B0E7C9C007A4F1A /* en */ = {isa = PBXFileReference; lastKnownFileType = video.quicktime; name = en; path = en.lproj/Trajectory.mov; sourceTree = "<group>"; };
		374C436F2B0E7CA2007A4F1A /* id */ = {isa = PBXFileReference; lastKnownFileType = video.quicktime; name = id; path = id.lproj/Trajectory.mov; sourceTree = "<group>"; };
		374C43712B0E8671007A4F1A /* ServeTrajectory.mp4 */ = {isa = PBXFileReference; lastKnownFileType = file; path = ServeTrajectory.mp4; sourceTree = "<group>"; };
		3782C9512B074A4F00D0C4C5 /* ascenttt-Watch-App-Info.plist */ = {isa = PBXFileReference; lastKnownFileType = text.plist; path = "ascenttt-Watch-App-Info.plist"; sourceTree = SOURCE_ROOT; };
		37ADDF502B4A03880016EB07 /* Tutorial.mp4 */ = {isa = PBXFileReference; lastKnownFileType = file; path = Tutorial.mp4; sourceTree = "<group>"; };
		37B5E7602B0F4AC0003A72DC /* LowServe-Lintasan.json */ = {isa = PBXFileReference; fileEncoding = 4; lastKnownFileType = text.json; path = "LowServe-Lintasan.json"; sourceTree = "<group>"; };
		37B5E7612B0F4AC0003A72DC /* LowServe-Penempatan.json */ = {isa = PBXFileReference; fileEncoding = 4; lastKnownFileType = text.json; path = "LowServe-Penempatan.json"; sourceTree = "<group>"; };
		37B5E7642B10EA93003A72DC /* Low Serve - Lintasan.gif */ = {isa = PBXFileReference; lastKnownFileType = image.gif; path = "Low Serve - Lintasan.gif"; sourceTree = "<group>"; };
		37B5E7652B10EA93003A72DC /* Low Serve - Penempatan.gif */ = {isa = PBXFileReference; lastKnownFileType = image.gif; path = "Low Serve - Penempatan.gif"; sourceTree = "<group>"; };
		37B5E76C2B10F1A3003A72DC /* GifImage.swift */ = {isa = PBXFileReference; fileEncoding = 4; lastKnownFileType = sourcecode.swift; path = GifImage.swift; sourceTree = "<group>"; };
		37D903AD2AFEA853007C8F50 /* iPhone Landscape to Portrait.json */ = {isa = PBXFileReference; lastKnownFileType = text.json; path = "iPhone Landscape to Portrait.json"; sourceTree = "<group>"; };
		BE0A4E742B11AA74005E1518 /* Iphone Portrait to Landscape.gif */ = {isa = PBXFileReference; lastKnownFileType = image.gif; path = "Iphone Portrait to Landscape.gif"; sourceTree = "<group>"; };
		BE0A4E752B11AA74005E1518 /* Iphone Landscape to Portrait.gif */ = {isa = PBXFileReference; lastKnownFileType = image.gif; path = "Iphone Landscape to Portrait.gif"; sourceTree = "<group>"; };
		BEA1C0AA2AF031A300BFF1A4 /* ComplicationController.swift */ = {isa = PBXFileReference; fileEncoding = 4; lastKnownFileType = sourcecode.swift; path = ComplicationController.swift; sourceTree = "<group>"; };
		BEA1C11C2AF0436D00BFF1A4 /* RotateToLandscapeView.swift */ = {isa = PBXFileReference; fileEncoding = 4; lastKnownFileType = sourcecode.swift; path = RotateToLandscapeView.swift; sourceTree = "<group>"; };
		BEA1C11D2AF0436D00BFF1A4 /* RotateToPotraitView.swift */ = {isa = PBXFileReference; fileEncoding = 4; lastKnownFileType = sourcecode.swift; path = RotateToPotraitView.swift; sourceTree = "<group>"; };
		BEA1C11F2AF0436D00BFF1A4 /* SplashView.swift */ = {isa = PBXFileReference; fileEncoding = 4; lastKnownFileType = sourcecode.swift; path = SplashView.swift; sourceTree = "<group>"; };
		BEA1C1232AF0436D00BFF1A4 /* RecordView.swift */ = {isa = PBXFileReference; fileEncoding = 4; lastKnownFileType = sourcecode.swift; path = RecordView.swift; sourceTree = "<group>"; };
		BEA1C1262AF0436D00BFF1A4 /* BallScene.swift */ = {isa = PBXFileReference; fileEncoding = 4; lastKnownFileType = sourcecode.swift; path = BallScene.swift; sourceTree = "<group>"; };
		BEA1C1272AF0436D00BFF1A4 /* Animations.swift */ = {isa = PBXFileReference; fileEncoding = 4; lastKnownFileType = sourcecode.swift; path = Animations.swift; sourceTree = "<group>"; };
		BEA1C1282AF0436D00BFF1A4 /* TrajectoryView.swift */ = {isa = PBXFileReference; fileEncoding = 4; lastKnownFileType = sourcecode.swift; path = TrajectoryView.swift; sourceTree = "<group>"; };
		BEA1C1292AF0436D00BFF1A4 /* AppError.swift */ = {isa = PBXFileReference; fileEncoding = 4; lastKnownFileType = sourcecode.swift; path = AppError.swift; sourceTree = "<group>"; };
		BEA1C12A2AF0436D00BFF1A4 /* HomeViewController.swift */ = {isa = PBXFileReference; fileEncoding = 4; lastKnownFileType = sourcecode.swift; path = HomeViewController.swift; sourceTree = "<group>"; };
		BEA1C12B2AF0436D00BFF1A4 /* CameraViewController.swift */ = {isa = PBXFileReference; fileEncoding = 4; lastKnownFileType = sourcecode.swift; path = CameraViewController.swift; sourceTree = "<group>"; };
		BEA1C12D2AF0436D00BFF1A4 /* ContentAnalysisViewController.swift */ = {isa = PBXFileReference; fileEncoding = 4; lastKnownFileType = sourcecode.swift; path = ContentAnalysisViewController.swift; sourceTree = "<group>"; };
		BEA1C12F2AF0436D00BFF1A4 /* VideoRenderView.swift */ = {isa = PBXFileReference; fileEncoding = 4; lastKnownFileType = sourcecode.swift; path = VideoRenderView.swift; sourceTree = "<group>"; };
		BEA1C1302AF0436D00BFF1A4 /* CameraFeedView.swift */ = {isa = PBXFileReference; fileEncoding = 4; lastKnownFileType = sourcecode.swift; path = CameraFeedView.swift; sourceTree = "<group>"; };
		BEA1C1312AF0436D00BFF1A4 /* HomeViewRepresentable.swift */ = {isa = PBXFileReference; fileEncoding = 4; lastKnownFileType = sourcecode.swift; path = HomeViewRepresentable.swift; sourceTree = "<group>"; };
		BEA1C1322AF0436D00BFF1A4 /* LoadingRecordView.swift */ = {isa = PBXFileReference; fileEncoding = 4; lastKnownFileType = sourcecode.swift; path = LoadingRecordView.swift; sourceTree = "<group>"; };
		BEA1C1342AF0436D00BFF1A4 /* ProgressView.swift */ = {isa = PBXFileReference; fileEncoding = 4; lastKnownFileType = sourcecode.swift; path = ProgressView.swift; sourceTree = "<group>"; };
		BEA1C1362AF0436D00BFF1A4 /* LowServeTrajectoryView.swift */ = {isa = PBXFileReference; fileEncoding = 4; lastKnownFileType = sourcecode.swift; path = LowServeTrajectoryView.swift; sourceTree = "<group>"; };
		BEA1C13B2AF0436D00BFF1A4 /* CameraGuideView.swift */ = {isa = PBXFileReference; fileEncoding = 4; lastKnownFileType = sourcecode.swift; path = CameraGuideView.swift; sourceTree = "<group>"; };
		BEA1C13D2AF0436D00BFF1A4 /* HomeViewModel.swift */ = {isa = PBXFileReference; fileEncoding = 4; lastKnownFileType = sourcecode.swift; path = HomeViewModel.swift; sourceTree = "<group>"; };
		BEA1C13E2AF0436D00BFF1A4 /* HomeView.swift */ = {isa = PBXFileReference; fileEncoding = 4; lastKnownFileType = sourcecode.swift; path = HomeView.swift; sourceTree = "<group>"; };
		BEA1C1402AF0436D00BFF1A4 /* MainView.swift */ = {isa = PBXFileReference; fileEncoding = 4; lastKnownFileType = sourcecode.swift; path = MainView.swift; sourceTree = "<group>"; };
		BEA1C1422AF0436D00BFF1A4 /* OnboardingView.swift */ = {isa = PBXFileReference; fileEncoding = 4; lastKnownFileType = sourcecode.swift; path = OnboardingView.swift; sourceTree = "<group>"; };
		BEAAB9A02AF0476C00277B45 /* StartPage.swift */ = {isa = PBXFileReference; lastKnownFileType = sourcecode.swift; path = StartPage.swift; sourceTree = "<group>"; };
		BEAAB9A22AF0477300277B45 /* ActivityRingView.swift */ = {isa = PBXFileReference; lastKnownFileType = sourcecode.swift; path = ActivityRingView.swift; sourceTree = "<group>"; };
		BEF748302AF02AAF00E8FB8B /* ascenttt.app */ = {isa = PBXFileReference; explicitFileType = wrapper.application; includeInIndex = 0; path = ascenttt.app; sourceTree = BUILT_PRODUCTS_DIR; };
		BEF748332AF02AAF00E8FB8B /* ascentttApp.swift */ = {isa = PBXFileReference; lastKnownFileType = sourcecode.swift; path = ascentttApp.swift; sourceTree = "<group>"; };
		BEF748372AF02AB000E8FB8B /* Assets.xcassets */ = {isa = PBXFileReference; lastKnownFileType = folder.assetcatalog; path = Assets.xcassets; sourceTree = "<group>"; };
		BEF7483A2AF02AB000E8FB8B /* Preview Assets.xcassets */ = {isa = PBXFileReference; lastKnownFileType = folder.assetcatalog; path = "Preview Assets.xcassets"; sourceTree = "<group>"; };
		BEF748402AF02AB000E8FB8B /* Swooz.app */ = {isa = PBXFileReference; explicitFileType = wrapper.application; includeInIndex = 0; path = Swooz.app; sourceTree = BUILT_PRODUCTS_DIR; };
		BEF748452AF02AB000E8FB8B /* ascentttApp.swift */ = {isa = PBXFileReference; lastKnownFileType = sourcecode.swift; path = ascentttApp.swift; sourceTree = "<group>"; };
		BEF748472AF02AB000E8FB8B /* ContentView.swift */ = {isa = PBXFileReference; lastKnownFileType = sourcecode.swift; path = ContentView.swift; sourceTree = "<group>"; };
		BEF748492AF02AB000E8FB8B /* Assets.xcassets */ = {isa = PBXFileReference; lastKnownFileType = folder.assetcatalog; path = Assets.xcassets; sourceTree = "<group>"; };
		BEF7484C2AF02AB000E8FB8B /* Preview Assets.xcassets */ = {isa = PBXFileReference; lastKnownFileType = folder.assetcatalog; path = "Preview Assets.xcassets"; sourceTree = "<group>"; };
/* End PBXFileReference section */

/* Begin PBXFrameworksBuildPhase section */
		BEF7482D2AF02AAF00E8FB8B /* Frameworks */ = {
			isa = PBXFrameworksBuildPhase;
			buildActionMask = 2147483647;
			files = (
				BE8F8DF32AF044A900616288 /* Lottie in Frameworks */,
			);
			runOnlyForDeploymentPostprocessing = 0;
		};
		BEF7483D2AF02AB000E8FB8B /* Frameworks */ = {
			isa = PBXFrameworksBuildPhase;
			buildActionMask = 2147483647;
			files = (
			);
			runOnlyForDeploymentPostprocessing = 0;
		};
/* End PBXFrameworksBuildPhase section */

/* Begin PBXGroup section */
		18361F372AFF877000CBD1D8 /* LowServe */ = {
			isa = PBXGroup;
			children = (
				18361F3B2AFF878700CBD1D8 /* iPhone Landscape to Portrait.json */,
				18361F382AFF878700CBD1D8 /* LowServeAdvanced.json */,
				18361F3A2AFF878700CBD1D8 /* LowServeExperienced.json */,
				18361F392AFF878700CBD1D8 /* LowServeIntermediate.json */,
			);
			path = LowServe;
			sourceTree = "<group>";
		};
		184E02E62AF1743A0004C569 /* Extenstions */ = {
			isa = PBXGroup;
			children = (
				184E02E92AF174480004C569 /* Date+Ext.swift */,
				184E02E72AF174480004C569 /* Font+Ext.swift */,
				184E02E82AF174480004C569 /* View+Ext.swift */,
			);
			path = Extenstions;
			sourceTree = "<group>";
		};
		184E02EF2AF192E00004C569 /* Lottie */ = {
			isa = PBXGroup;
			children = (
				37B5E7602B0F4AC0003A72DC /* LowServe-Lintasan.json */,
				37B5E7612B0F4AC0003A72DC /* LowServe-Penempatan.json */,
				18361F372AFF877000CBD1D8 /* LowServe */,
				37D903AD2AFEA853007C8F50 /* iPhone Landscape to Portrait.json */,
				184E02F32AF192F60004C569 /* Clear Shot.json */,
				184E02F22AF192F60004C569 /* Drive Shot.json */,
				184E02F02AF192F60004C569 /* Drop Shot.json */,
				184E02F52AF192F60004C569 /* High Serve.json */,
				184E02F12AF192F60004C569 /* Iphone Rotate.json */,
				184E02F42AF192F60004C569 /* Low Serve.json */,
				184E02F62AF192F60004C569 /* Smash.json */,
			);
			path = Lottie;
			sourceTree = "<group>";
		};
		188062EE2AF9531900310F93 /* Components */ = {
			isa = PBXGroup;
			children = (
				18CD6E0C2AF953A60087B24D /* Button.swift */,
				18CD6E0E2AF953AC0087B24D /* Card.swift */,
				18B08E672B11032D0074FAD5 /* CardPlain.swift */,
				18CD6E102AF953B70087B24D /* ImageHero.swift */,
				18CD6E122AF953C40087B24D /* NavbarBack.swift */,
				18CD6E142AF953D50087B24D /* Text.swift */,
				18CD6E162AF953E20087B24D /* SheetShare.swift */,
				18CD6E182AF953EA0087B24D /* Lottie.swift */,
				18CD6E1A2AF953FC0087B24D /* Thumbnail.swift */,
				183B33792AFA8B59004E023D /* ForceOrientation.swift */,
			);
			path = Components;
			sourceTree = "<group>";
		};
		188062EF2AF9532300310F93 /* Constants */ = {
			isa = PBXGroup;
			children = (
				188062F02AF9536400310F93 /* SFSymbol.swift */,
				188062F22AF9537E00310F93 /* ActionEnum.swift */,
			);
			path = Constants;
			sourceTree = "<group>";
		};
		18B08E662B1102850074FAD5 /* Gif */ = {
			isa = PBXGroup;
			children = (
				BE0A4E752B11AA74005E1518 /* Iphone Landscape to Portrait.gif */,
				BE0A4E742B11AA74005E1518 /* Iphone Portrait to Landscape.gif */,
				37B5E7642B10EA93003A72DC /* Low Serve - Lintasan.gif */,
				37B5E7652B10EA93003A72DC /* Low Serve - Penempatan.gif */,
			);
			path = Gif;
			sourceTree = "<group>";
		};
		18CD6E222AF957DA0087B24D /* Assets */ = {
			isa = PBXGroup;
			children = (
				18B08E662B1102850074FAD5 /* Gif */,
				18CEF7222B022AA800952E16 /* Font */,
				BE975BFA2AFCC39F00C802CF /* Video */,
				184E02EF2AF192E00004C569 /* Lottie */,
				BEF748372AF02AB000E8FB8B /* Assets.xcassets */,
			);
			path = Assets;
			sourceTree = "<group>";
		};
		18CEF7222B022AA800952E16 /* Font */ = {
			isa = PBXGroup;
			children = (
				18CEF7232B022ACA00952E16 /* Urbanist-Medium.ttf */,
				18CEF7242B022ACA00952E16 /* Urbanist.ttf */,
			);
			path = Font;
			sourceTree = "<group>";
		};
		371240D22AF1628F009C8021 /* CoreData */ = {
			isa = PBXGroup;
			children = (
				184E02ED2AF1745C0004C569 /* DataContoller.swift */,
				18AD0C112AF95ADB0019DD60 /* Database.xcdatamodeld */,
			);
			path = CoreData;
			sourceTree = "<group>";
		};
		374C43562B0B8B0C007A4F1A /* Localizable */ = {
			isa = PBXGroup;
			children = (
				370F77272B0213CC00BB2194 /* Localizable.strings */,
				374C43572B0B8B30007A4F1A /* LocalizableText.swift */,
			);
			path = Localizable;
			sourceTree = "<group>";
		};
		BE8F8DF12AF044A900616288 /* Frameworks */ = {
			isa = PBXGroup;
			children = (
			);
			name = Frameworks;
			sourceTree = "<group>";
		};
		BE975BFA2AFCC39F00C802CF /* Video */ = {
			isa = PBXGroup;
			children = (
				37ADDF502B4A03880016EB07 /* Tutorial.mp4 */,
				181121872B14DDE9008FD958 /* ServePlacement.mp4 */,
				374C43712B0E8671007A4F1A /* ServeTrajectory.mp4 */,
				374C43672B0E7C84007A4F1A /* Placement.mov */,
				374C436A2B0E7C92007A4F1A /* Placement.mov */,
				374C436D2B0E7C9C007A4F1A /* Trajectory.mov */,
				374C43702B0E7CA2007A4F1A /* Trajectory.mov */,
			);
			path = Video;
			sourceTree = "<group>";
		};
		BEA1C0A52AF0314F00BFF1A4 /* Shared */ = {
			isa = PBXGroup;
			children = (
				18CD6E1C2AF955250087B24D /* Counter.swift */,
				18CD6E1E2AF955580087B24D /* SessionDelegator.swift */,
			);
			path = Shared;
			sourceTree = "<group>";
		};
		BEA1C11A2AF0436D00BFF1A4 /* Views */ = {
			isa = PBXGroup;
			children = (
				BEA1C13A2AF0436D00BFF1A4 /* CameraGuide */,
				BEA1C13C2AF0436D00BFF1A4 /* Main */,
				BEA1C1412AF0436D00BFF1A4 /* Onboarding */,
				BEA1C1332AF0436D00BFF1A4 /* Progress */,
				BEA1C1222AF0436D00BFF1A4 /* Record */,
				BEA1C1202AF0436D00BFF1A4 /* Result */,
				BEA1C11B2AF0436D00BFF1A4 /* Rotate */,
				BEA1C11E2AF0436D00BFF1A4 /* Splash */,
				BEA1C1352AF0436D00BFF1A4 /* Technique */,
			);
			path = Views;
			sourceTree = "<group>";
		};
		BEA1C11B2AF0436D00BFF1A4 /* Rotate */ = {
			isa = PBXGroup;
			children = (
				BEA1C11C2AF0436D00BFF1A4 /* RotateToLandscapeView.swift */,
				BEA1C11D2AF0436D00BFF1A4 /* RotateToPotraitView.swift */,
			);
			path = Rotate;
			sourceTree = "<group>";
		};
		BEA1C11E2AF0436D00BFF1A4 /* Splash */ = {
			isa = PBXGroup;
			children = (
				BEA1C11F2AF0436D00BFF1A4 /* SplashView.swift */,
			);
			path = Splash;
			sourceTree = "<group>";
		};
		BEA1C1202AF0436D00BFF1A4 /* Result */ = {
			isa = PBXGroup;
			children = (
				18922FF52AFD2EBC001B68EF /* LowServeTrajectoryDetailView.swift */,
				1828EBBE2B0F3C2C0080BB51 /* LowServerTrajectoryDetailSingleView.swift */,
				374C43592B0BD8C4007A4F1A /* LowServePlacementDetailView.swift */,
				1828EBC02B0F64200080BB51 /* LowServePlacementDetailSingleView.swift */,
			);
			path = Result;
			sourceTree = "<group>";
		};
		BEA1C1222AF0436D00BFF1A4 /* Record */ = {
			isa = PBXGroup;
			children = (
				BEA1C1242AF0436D00BFF1A4 /* UIKit */,
				BEA1C1232AF0436D00BFF1A4 /* RecordView.swift */,
				BEA1C1322AF0436D00BFF1A4 /* LoadingRecordView.swift */,
			);
			path = Record;
			sourceTree = "<group>";
		};
		BEA1C1242AF0436D00BFF1A4 /* UIKit */ = {
			isa = PBXGroup;
			children = (
				BEA1C1252AF0436D00BFF1A4 /* SpriteKit Views */,
				BEA1C12E2AF0436D00BFF1A4 /* Custom Views */,
				BEA1C1292AF0436D00BFF1A4 /* AppError.swift */,
				BEA1C12A2AF0436D00BFF1A4 /* HomeViewController.swift */,
				BEA1C12B2AF0436D00BFF1A4 /* CameraViewController.swift */,
				BEA1C12D2AF0436D00BFF1A4 /* ContentAnalysisViewController.swift */,
				18EE72C82B08797700DE7BE7 /* LocalStorage.swift */,
				BEA1C1312AF0436D00BFF1A4 /* HomeViewRepresentable.swift */,
			);
			path = UIKit;
			sourceTree = "<group>";
		};
		BEA1C1252AF0436D00BFF1A4 /* SpriteKit Views */ = {
			isa = PBXGroup;
			children = (
				BEA1C1262AF0436D00BFF1A4 /* BallScene.swift */,
				BEA1C1272AF0436D00BFF1A4 /* Animations.swift */,
				BEA1C1282AF0436D00BFF1A4 /* TrajectoryView.swift */,
			);
			path = "SpriteKit Views";
			sourceTree = "<group>";
		};
		BEA1C12E2AF0436D00BFF1A4 /* Custom Views */ = {
			isa = PBXGroup;
			children = (
				BEA1C12F2AF0436D00BFF1A4 /* VideoRenderView.swift */,
				BEA1C1302AF0436D00BFF1A4 /* CameraFeedView.swift */,
			);
			path = "Custom Views";
			sourceTree = "<group>";
		};
		BEA1C1332AF0436D00BFF1A4 /* Progress */ = {
			isa = PBXGroup;
			children = (
				BEA1C1342AF0436D00BFF1A4 /* ProgressView.swift */,
			);
			path = Progress;
			sourceTree = "<group>";
		};
		BEA1C1352AF0436D00BFF1A4 /* Technique */ = {
			isa = PBXGroup;
			children = (
				37B5E76C2B10F1A3003A72DC /* GifImage.swift */,
				183B337B2AFA92CC004E023D /* TechniqueView.swift */,
				BEA1C1362AF0436D00BFF1A4 /* LowServeTrajectoryView.swift */,
				18EE72CA2B08D04F00DE7BE7 /* LowServePlacementView.swift */,
			);
			path = Technique;
			sourceTree = "<group>";
		};
		BEA1C13A2AF0436D00BFF1A4 /* CameraGuide */ = {
			isa = PBXGroup;
			children = (
				BEA1C13B2AF0436D00BFF1A4 /* CameraGuideView.swift */,
			);
			path = CameraGuide;
			sourceTree = "<group>";
		};
		BEA1C13C2AF0436D00BFF1A4 /* Main */ = {
			isa = PBXGroup;
			children = (
				BEA1C13D2AF0436D00BFF1A4 /* HomeViewModel.swift */,
				BEA1C13E2AF0436D00BFF1A4 /* HomeView.swift */,
				BEA1C1402AF0436D00BFF1A4 /* MainView.swift */,
				183C878F2AFD39E100C210AB /* ItemVideoView.swift */,
			);
			path = Main;
			sourceTree = "<group>";
		};
		BEA1C1412AF0436D00BFF1A4 /* Onboarding */ = {
			isa = PBXGroup;
			children = (
				BEA1C1422AF0436D00BFF1A4 /* OnboardingView.swift */,
			);
			path = Onboarding;
			sourceTree = "<group>";
		};
		BEA1C1492AF0436D00BFF1A4 /* Utility */ = {
			isa = PBXGroup;
			children = (
				188062EF2AF9532300310F93 /* Constants */,
				374C43562B0B8B0C007A4F1A /* Localizable */,
				188062EE2AF9531900310F93 /* Components */,
				184E02E62AF1743A0004C569 /* Extenstions */,
			);
			path = Utility;
			sourceTree = "<group>";
		};
		BEF748272AF02AAF00E8FB8B = {
			isa = PBXGroup;
			children = (
				371240D22AF1628F009C8021 /* CoreData */,
				BEA1C1492AF0436D00BFF1A4 /* Utility */,
				BEA1C11A2AF0436D00BFF1A4 /* Views */,
				BEA1C0A52AF0314F00BFF1A4 /* Shared */,
				BEF748322AF02AAF00E8FB8B /* ascenttt */,
				BEF748442AF02AB000E8FB8B /* ascenttt Watch App */,
				BEF748312AF02AAF00E8FB8B /* Products */,
				BE8F8DF12AF044A900616288 /* Frameworks */,
			);
			sourceTree = "<group>";
		};
		BEF748312AF02AAF00E8FB8B /* Products */ = {
			isa = PBXGroup;
			children = (
				BEF748302AF02AAF00E8FB8B /* ascenttt.app */,
				BEF748402AF02AB000E8FB8B /* Swooz.app */,
			);
			name = Products;
			sourceTree = "<group>";
		};
		BEF748322AF02AAF00E8FB8B /* ascenttt */ = {
			isa = PBXGroup;
			children = (
				18CEF7292B02317E00952E16 /* Info.plist */,
				BEF748332AF02AAF00E8FB8B /* ascentttApp.swift */,
				18CD6E222AF957DA0087B24D /* Assets */,
				BEF748392AF02AB000E8FB8B /* Preview Content */,
			);
			path = ascenttt;
			sourceTree = "<group>";
		};
		BEF748392AF02AB000E8FB8B /* Preview Content */ = {
			isa = PBXGroup;
			children = (
				BEF7483A2AF02AB000E8FB8B /* Preview Assets.xcassets */,
			);
			path = "Preview Content";
			sourceTree = "<group>";
		};
		BEF748442AF02AB000E8FB8B /* ascenttt Watch App */ = {
			isa = PBXGroup;
			children = (
				3782C9512B074A4F00D0C4C5 /* ascenttt-Watch-App-Info.plist */,
				BEF748452AF02AB000E8FB8B /* ascentttApp.swift */,
				BEF748472AF02AB000E8FB8B /* ContentView.swift */,
				BEAAB9A02AF0476C00277B45 /* StartPage.swift */,
				BEAAB9A22AF0477300277B45 /* ActivityRingView.swift */,
				BEA1C0AA2AF031A300BFF1A4 /* ComplicationController.swift */,
				BEF748492AF02AB000E8FB8B /* Assets.xcassets */,
				BEF7484B2AF02AB000E8FB8B /* Preview Content */,
			);
			path = "ascenttt Watch App";
			sourceTree = "<group>";
		};
		BEF7484B2AF02AB000E8FB8B /* Preview Content */ = {
			isa = PBXGroup;
			children = (
				BEF7484C2AF02AB000E8FB8B /* Preview Assets.xcassets */,
			);
			path = "Preview Content";
			sourceTree = "<group>";
		};
/* End PBXGroup section */

/* Begin PBXNativeTarget section */
		BEF7482F2AF02AAF00E8FB8B /* ascenttt */ = {
			isa = PBXNativeTarget;
			buildConfigurationList = BEF748542AF02AB000E8FB8B /* Build configuration list for PBXNativeTarget "ascenttt" */;
			buildPhases = (
				BEF7482C2AF02AAF00E8FB8B /* Sources */,
				BEF7482D2AF02AAF00E8FB8B /* Frameworks */,
				BEF7482E2AF02AAF00E8FB8B /* Resources */,
				BEF748532AF02AB000E8FB8B /* Embed Watch Content */,
			);
			buildRules = (
			);
			dependencies = (
				BEF748432AF02AB000E8FB8B /* PBXTargetDependency */,
			);
			name = ascenttt;
			packageProductDependencies = (
				BE8F8DF22AF044A900616288 /* Lottie */,
			);
			productName = ascenttt;
			productReference = BEF748302AF02AAF00E8FB8B /* ascenttt.app */;
			productType = "com.apple.product-type.application";
		};
		BEF7483F2AF02AB000E8FB8B /* ascenttt Watch App */ = {
			isa = PBXNativeTarget;
			buildConfigurationList = BEF748502AF02AB000E8FB8B /* Build configuration list for PBXNativeTarget "ascenttt Watch App" */;
			buildPhases = (
				BEF7483C2AF02AB000E8FB8B /* Sources */,
				BEF7483D2AF02AB000E8FB8B /* Frameworks */,
				BEF7483E2AF02AB000E8FB8B /* Resources */,
			);
			buildRules = (
			);
			dependencies = (
			);
			name = "ascenttt Watch App";
			packageProductDependencies = (
			);
			productName = "ascenttt Watch App";
			productReference = BEF748402AF02AB000E8FB8B /* Swooz.app */;
			productType = "com.apple.product-type.application";
		};
/* End PBXNativeTarget section */

/* Begin PBXProject section */
		BEF748282AF02AAF00E8FB8B /* Project object */ = {
			isa = PBXProject;
			attributes = {
				BuildIndependentTargetsInParallel = 1;
				LastSwiftUpdateCheck = 1500;
				LastUpgradeCheck = 1500;
				TargetAttributes = {
					BEF7482F2AF02AAF00E8FB8B = {
						CreatedOnToolsVersion = 15.0;
					};
					BEF7483F2AF02AB000E8FB8B = {
						CreatedOnToolsVersion = 15.0;
					};
				};
			};
			buildConfigurationList = BEF7482B2AF02AAF00E8FB8B /* Build configuration list for PBXProject "ascenttt" */;
			compatibilityVersion = "Xcode 14.0";
			developmentRegion = en;
			hasScannedForEncodings = 0;
			knownRegions = (
				en,
				Base,
				id,
			);
			mainGroup = BEF748272AF02AAF00E8FB8B;
			packageReferences = (
				BEA1C0AE2AF0412B00BFF1A4 /* XCRemoteSwiftPackageReference "lottie-ios" */,
			);
			productRefGroup = BEF748312AF02AAF00E8FB8B /* Products */;
			projectDirPath = "";
			projectRoot = "";
			targets = (
				BEF7482F2AF02AAF00E8FB8B /* ascenttt */,
				BEF7483F2AF02AB000E8FB8B /* ascenttt Watch App */,
			);
		};
/* End PBXProject section */

/* Begin PBXResourcesBuildPhase section */
		BEF7482E2AF02AAF00E8FB8B /* Resources */ = {
			isa = PBXResourcesBuildPhase;
			buildActionMask = 2147483647;
			files = (
				184E02F82AF192F60004C569 /* Iphone Rotate.json in Resources */,
				BEF7483B2AF02AB000E8FB8B /* Preview Assets.xcassets in Resources */,
				374C43682B0E7C92007A4F1A /* Placement.mov in Resources */,
				374C43722B0E8671007A4F1A /* ServeTrajectory.mp4 in Resources */,
				37B5E7622B0F4AC0003A72DC /* LowServe-Lintasan.json in Resources */,
				374C43652B0E7C84007A4F1A /* Placement.mov in Resources */,
				374C436B2B0E7C9C007A4F1A /* Trajectory.mov in Resources */,
				37B5E7632B0F4AC0003A72DC /* LowServe-Penempatan.json in Resources */,
				184E02FB2AF192F60004C569 /* Low Serve.json in Resources */,
				37B5E7672B10EA93003A72DC /* Low Serve - Penempatan.gif in Resources */,
				181121882B14DDE9008FD958 /* ServePlacement.mp4 in Resources */,
				184E02FA2AF192F60004C569 /* Clear Shot.json in Resources */,
				BE0A4E772B11AA74005E1518 /* Iphone Landscape to Portrait.gif in Resources */,
				184E02FC2AF192F60004C569 /* High Serve.json in Resources */,
				18361F3C2AFF878700CBD1D8 /* LowServeAdvanced.json in Resources */,
				37B5E7662B10EA93003A72DC /* Low Serve - Lintasan.gif in Resources */,
				18CEF7262B022ACA00952E16 /* Urbanist.ttf in Resources */,
				374C436E2B0E7CA2007A4F1A /* Trajectory.mov in Resources */,
				184E02F92AF192F60004C569 /* Drive Shot.json in Resources */,
				18361F3E2AFF878700CBD1D8 /* LowServeExperienced.json in Resources */,
				37ADDF512B4A03880016EB07 /* Tutorial.mp4 in Resources */,
				184E02F72AF192F60004C569 /* Drop Shot.json in Resources */,
				BEF748382AF02AB000E8FB8B /* Assets.xcassets in Resources */,
				370F77252B0213CC00BB2194 /* Localizable.strings in Resources */,
				18CEF7252B022ACA00952E16 /* Urbanist-Medium.ttf in Resources */,
				BE0A4E762B11AA74005E1518 /* Iphone Portrait to Landscape.gif in Resources */,
				18361F3D2AFF878700CBD1D8 /* LowServeIntermediate.json in Resources */,
				184E02FD2AF192F60004C569 /* Smash.json in Resources */,
				18361F3F2AFF878700CBD1D8 /* iPhone Landscape to Portrait.json in Resources */,
			);
			runOnlyForDeploymentPostprocessing = 0;
		};
		BEF7483E2AF02AB000E8FB8B /* Resources */ = {
			isa = PBXResourcesBuildPhase;
			buildActionMask = 2147483647;
			files = (
				BEF7484D2AF02AB000E8FB8B /* Preview Assets.xcassets in Resources */,
				BEF7484A2AF02AB000E8FB8B /* Assets.xcassets in Resources */,
			);
			runOnlyForDeploymentPostprocessing = 0;
		};
/* End PBXResourcesBuildPhase section */

/* Begin PBXSourcesBuildPhase section */
		BEF7482C2AF02AAF00E8FB8B /* Sources */ = {
			isa = PBXSourcesBuildPhase;
			buildActionMask = 2147483647;
			files = (
				BEA1C16F2AF0436D00BFF1A4 /* HomeView.swift in Sources */,
				BEA1C15F2AF0436D00BFF1A4 /* TrajectoryView.swift in Sources */,
				188062F32AF9537E00310F93 /* ActionEnum.swift in Sources */,
				188062F12AF9536400310F93 /* SFSymbol.swift in Sources */,
				18EE72CB2B08D04F00DE7BE7 /* LowServePlacementView.swift in Sources */,
				376D3E6D2AFAA3E6006A7A4A /* (null) in Sources */,
				BEA1C15C2AF0436D00BFF1A4 /* RecordView.swift in Sources */,
				184E02EE2AF1745C0004C569 /* DataContoller.swift in Sources */,
				18CD6E132AF953C40087B24D /* NavbarBack.swift in Sources */,
				18B08E682B11032D0074FAD5 /* CardPlain.swift in Sources */,
				18CD6E0D2AF953A60087B24D /* Button.swift in Sources */,
				184E02EA2AF174480004C569 /* Font+Ext.swift in Sources */,
				18CD6E1B2AF953FC0087B24D /* Thumbnail.swift in Sources */,
				BEA1C1602AF0436D00BFF1A4 /* AppError.swift in Sources */,
				18CD6E1F2AF955580087B24D /* SessionDelegator.swift in Sources */,
				BEA1C1612AF0436D00BFF1A4 /* HomeViewController.swift in Sources */,
				18CD6E112AF953B70087B24D /* ImageHero.swift in Sources */,
				183C87902AFD39E100C210AB /* ItemVideoView.swift in Sources */,
				BEA1C1682AF0436D00BFF1A4 /* LoadingRecordView.swift in Sources */,
				18CD6E172AF953E20087B24D /* SheetShare.swift in Sources */,
				183B337A2AFA8B59004E023D /* ForceOrientation.swift in Sources */,
				BEF748342AF02AAF00E8FB8B /* ascentttApp.swift in Sources */,
				18CD6E152AF953D50087B24D /* Text.swift in Sources */,
				374C435A2B0BD8C4007A4F1A /* LowServePlacementDetailView.swift in Sources */,
				183B337C2AFA92CC004E023D /* TechniqueView.swift in Sources */,
				18CD6E192AF953EA0087B24D /* Lottie.swift in Sources */,
				BEA1C16E2AF0436D00BFF1A4 /* HomeViewModel.swift in Sources */,
				18922FF62AFD2EBC001B68EF /* LowServeTrajectoryDetailView.swift in Sources */,
				BEA1C1662AF0436D00BFF1A4 /* CameraFeedView.swift in Sources */,
				184E02EB2AF174480004C569 /* View+Ext.swift in Sources */,
				BEA1C1712AF0436D00BFF1A4 /* MainView.swift in Sources */,
				1828EBC12B0F64200080BB51 /* LowServePlacementDetailSingleView.swift in Sources */,
				1828EBBF2B0F3C2C0080BB51 /* LowServerTrajectoryDetailSingleView.swift in Sources */,
				BEA1C1672AF0436D00BFF1A4 /* HomeViewRepresentable.swift in Sources */,
				BEA1C1592AF0436D00BFF1A4 /* RotateToPotraitView.swift in Sources */,
				37B5E76D2B10F1A3003A72DC /* GifImage.swift in Sources */,
				18CD6E0F2AF953AC0087B24D /* Card.swift in Sources */,
				BEA1C16A2AF0436D00BFF1A4 /* LowServeTrajectoryView.swift in Sources */,
				BEA1C1642AF0436D00BFF1A4 /* ContentAnalysisViewController.swift in Sources */,
				BEA1C1722AF0436D00BFF1A4 /* OnboardingView.swift in Sources */,
				BEA1C1582AF0436D00BFF1A4 /* RotateToLandscapeView.swift in Sources */,
				BEA1C1622AF0436D00BFF1A4 /* CameraViewController.swift in Sources */,
				BEA1C1652AF0436D00BFF1A4 /* VideoRenderView.swift in Sources */,
				BEA1C15A2AF0436D00BFF1A4 /* SplashView.swift in Sources */,
				BEA1C15E2AF0436D00BFF1A4 /* Animations.swift in Sources */,
				18CD6E1D2AF955250087B24D /* Counter.swift in Sources */,
				374C43582B0B8B30007A4F1A /* LocalizableText.swift in Sources */,
				18AD0C132AF95ADB0019DD60 /* Database.xcdatamodeld in Sources */,
				184E02EC2AF174480004C569 /* Date+Ext.swift in Sources */,
				BEA1C16D2AF0436D00BFF1A4 /* CameraGuideView.swift in Sources */,
				BEA1C15D2AF0436D00BFF1A4 /* BallScene.swift in Sources */,
				BEA1C1692AF0436D00BFF1A4 /* ProgressView.swift in Sources */,
				18EE72C92B08797700DE7BE7 /* LocalStorage.swift in Sources */,
			);
			runOnlyForDeploymentPostprocessing = 0;
		};
		BEF7483C2AF02AB000E8FB8B /* Sources */ = {
			isa = PBXSourcesBuildPhase;
			buildActionMask = 2147483647;
			files = (
				374C435B2B0BED86007A4F1A /* Localizable.strings in Sources */,
				374C435C2B0BED86007A4F1A /* LocalizableText.swift in Sources */,
				BEAAB9A12AF0476C00277B45 /* StartPage.swift in Sources */,
				BEAAB9A32AF0477300277B45 /* ActivityRingView.swift in Sources */,
				18CD6E202AF9571E0087B24D /* Counter.swift in Sources */,
				18CD6E212AF957210087B24D /* SessionDelegator.swift in Sources */,
				BEF748482AF02AB000E8FB8B /* ContentView.swift in Sources */,
				BEF748462AF02AB000E8FB8B /* ascentttApp.swift in Sources */,
				BEA1C0AB2AF031A300BFF1A4 /* ComplicationController.swift in Sources */,
			);
			runOnlyForDeploymentPostprocessing = 0;
		};
/* End PBXSourcesBuildPhase section */

/* Begin PBXTargetDependency section */
		BEF748432AF02AB000E8FB8B /* PBXTargetDependency */ = {
			isa = PBXTargetDependency;
			target = BEF7483F2AF02AB000E8FB8B /* ascenttt Watch App */;
			targetProxy = BEF748422AF02AB000E8FB8B /* PBXContainerItemProxy */;
		};
/* End PBXTargetDependency section */

/* Begin PBXVariantGroup section */
		370F77272B0213CC00BB2194 /* Localizable.strings */ = {
			isa = PBXVariantGroup;
			children = (
				370F77262B0213CC00BB2194 /* en */,
				370F77282B0213CD00BB2194 /* id */,
			);
			name = Localizable.strings;
			sourceTree = "<group>";
		};
		374C43672B0E7C84007A4F1A /* Placement.mov */ = {
			isa = PBXVariantGroup;
			children = (
				374C43662B0E7C84007A4F1A /* en */,
			);
			name = Placement.mov;
			sourceTree = "<group>";
		};
		374C436A2B0E7C92007A4F1A /* Placement.mov */ = {
			isa = PBXVariantGroup;
			children = (
				374C43692B0E7C92007A4F1A /* id */,
			);
			name = Placement.mov;
			sourceTree = "<group>";
		};
		374C436D2B0E7C9C007A4F1A /* Trajectory.mov */ = {
			isa = PBXVariantGroup;
			children = (
				374C436C2B0E7C9C007A4F1A /* en */,
			);
			name = Trajectory.mov;
			sourceTree = "<group>";
		};
		374C43702B0E7CA2007A4F1A /* Trajectory.mov */ = {
			isa = PBXVariantGroup;
			children = (
				374C436F2B0E7CA2007A4F1A /* id */,
			);
			name = Trajectory.mov;
			sourceTree = "<group>";
		};
/* End PBXVariantGroup section */

/* Begin XCBuildConfiguration section */
		BEF7484E2AF02AB000E8FB8B /* Debug */ = {
			isa = XCBuildConfiguration;
			buildSettings = {
				ALWAYS_SEARCH_USER_PATHS = NO;
				ASSETCATALOG_COMPILER_GENERATE_SWIFT_ASSET_SYMBOL_EXTENSIONS = YES;
				CLANG_ANALYZER_NONNULL = YES;
				CLANG_ANALYZER_NUMBER_OBJECT_CONVERSION = YES_AGGRESSIVE;
				CLANG_CXX_LANGUAGE_STANDARD = "gnu++20";
				CLANG_ENABLE_MODULES = YES;
				CLANG_ENABLE_OBJC_ARC = YES;
				CLANG_ENABLE_OBJC_WEAK = YES;
				CLANG_WARN_BLOCK_CAPTURE_AUTORELEASING = YES;
				CLANG_WARN_BOOL_CONVERSION = YES;
				CLANG_WARN_COMMA = YES;
				CLANG_WARN_CONSTANT_CONVERSION = YES;
				CLANG_WARN_DEPRECATED_OBJC_IMPLEMENTATIONS = YES;
				CLANG_WARN_DIRECT_OBJC_ISA_USAGE = YES_ERROR;
				CLANG_WARN_DOCUMENTATION_COMMENTS = YES;
				CLANG_WARN_EMPTY_BODY = YES;
				CLANG_WARN_ENUM_CONVERSION = YES;
				CLANG_WARN_INFINITE_RECURSION = YES;
				CLANG_WARN_INT_CONVERSION = YES;
				CLANG_WARN_NON_LITERAL_NULL_CONVERSION = YES;
				CLANG_WARN_OBJC_IMPLICIT_RETAIN_SELF = YES;
				CLANG_WARN_OBJC_LITERAL_CONVERSION = YES;
				CLANG_WARN_OBJC_ROOT_CLASS = YES_ERROR;
				CLANG_WARN_QUOTED_INCLUDE_IN_FRAMEWORK_HEADER = YES;
				CLANG_WARN_RANGE_LOOP_ANALYSIS = YES;
				CLANG_WARN_STRICT_PROTOTYPES = YES;
				CLANG_WARN_SUSPICIOUS_MOVE = YES;
				CLANG_WARN_UNGUARDED_AVAILABILITY = YES_AGGRESSIVE;
				CLANG_WARN_UNREACHABLE_CODE = YES;
				CLANG_WARN__DUPLICATE_METHOD_MATCH = YES;
				COPY_PHASE_STRIP = NO;
				DEBUG_INFORMATION_FORMAT = dwarf;
				ENABLE_STRICT_OBJC_MSGSEND = YES;
				ENABLE_TESTABILITY = YES;
				ENABLE_USER_SCRIPT_SANDBOXING = YES;
				GCC_C_LANGUAGE_STANDARD = gnu17;
				GCC_DYNAMIC_NO_PIC = NO;
				GCC_NO_COMMON_BLOCKS = YES;
				GCC_OPTIMIZATION_LEVEL = 0;
				GCC_PREPROCESSOR_DEFINITIONS = (
					"DEBUG=1",
					"$(inherited)",
				);
				GCC_WARN_64_TO_32_BIT_CONVERSION = YES;
				GCC_WARN_ABOUT_RETURN_TYPE = YES_ERROR;
				GCC_WARN_UNDECLARED_SELECTOR = YES;
				GCC_WARN_UNINITIALIZED_AUTOS = YES_AGGRESSIVE;
				GCC_WARN_UNUSED_FUNCTION = YES;
				GCC_WARN_UNUSED_VARIABLE = YES;
				IPHONEOS_DEPLOYMENT_TARGET = 16.0;
				LOCALIZATION_PREFERS_STRING_CATALOGS = YES;
				MTL_ENABLE_DEBUG_INFO = INCLUDE_SOURCE;
				MTL_FAST_MATH = YES;
				ONLY_ACTIVE_ARCH = YES;
				SWIFT_ACTIVE_COMPILATION_CONDITIONS = "DEBUG $(inherited)";
				SWIFT_OPTIMIZATION_LEVEL = "-Onone";
				WATCHOS_DEPLOYMENT_TARGET = 9.0;
			};
			name = Debug;
		};
		BEF7484F2AF02AB000E8FB8B /* Release */ = {
			isa = XCBuildConfiguration;
			buildSettings = {
				ALWAYS_SEARCH_USER_PATHS = NO;
				ASSETCATALOG_COMPILER_GENERATE_SWIFT_ASSET_SYMBOL_EXTENSIONS = YES;
				CLANG_ANALYZER_NONNULL = YES;
				CLANG_ANALYZER_NUMBER_OBJECT_CONVERSION = YES_AGGRESSIVE;
				CLANG_CXX_LANGUAGE_STANDARD = "gnu++20";
				CLANG_ENABLE_MODULES = YES;
				CLANG_ENABLE_OBJC_ARC = YES;
				CLANG_ENABLE_OBJC_WEAK = YES;
				CLANG_WARN_BLOCK_CAPTURE_AUTORELEASING = YES;
				CLANG_WARN_BOOL_CONVERSION = YES;
				CLANG_WARN_COMMA = YES;
				CLANG_WARN_CONSTANT_CONVERSION = YES;
				CLANG_WARN_DEPRECATED_OBJC_IMPLEMENTATIONS = YES;
				CLANG_WARN_DIRECT_OBJC_ISA_USAGE = YES_ERROR;
				CLANG_WARN_DOCUMENTATION_COMMENTS = YES;
				CLANG_WARN_EMPTY_BODY = YES;
				CLANG_WARN_ENUM_CONVERSION = YES;
				CLANG_WARN_INFINITE_RECURSION = YES;
				CLANG_WARN_INT_CONVERSION = YES;
				CLANG_WARN_NON_LITERAL_NULL_CONVERSION = YES;
				CLANG_WARN_OBJC_IMPLICIT_RETAIN_SELF = YES;
				CLANG_WARN_OBJC_LITERAL_CONVERSION = YES;
				CLANG_WARN_OBJC_ROOT_CLASS = YES_ERROR;
				CLANG_WARN_QUOTED_INCLUDE_IN_FRAMEWORK_HEADER = YES;
				CLANG_WARN_RANGE_LOOP_ANALYSIS = YES;
				CLANG_WARN_STRICT_PROTOTYPES = YES;
				CLANG_WARN_SUSPICIOUS_MOVE = YES;
				CLANG_WARN_UNGUARDED_AVAILABILITY = YES_AGGRESSIVE;
				CLANG_WARN_UNREACHABLE_CODE = YES;
				CLANG_WARN__DUPLICATE_METHOD_MATCH = YES;
				COPY_PHASE_STRIP = NO;
				DEBUG_INFORMATION_FORMAT = "dwarf-with-dsym";
				ENABLE_NS_ASSERTIONS = NO;
				ENABLE_STRICT_OBJC_MSGSEND = YES;
				ENABLE_USER_SCRIPT_SANDBOXING = YES;
				GCC_C_LANGUAGE_STANDARD = gnu17;
				GCC_NO_COMMON_BLOCKS = YES;
				GCC_WARN_64_TO_32_BIT_CONVERSION = YES;
				GCC_WARN_ABOUT_RETURN_TYPE = YES_ERROR;
				GCC_WARN_UNDECLARED_SELECTOR = YES;
				GCC_WARN_UNINITIALIZED_AUTOS = YES_AGGRESSIVE;
				GCC_WARN_UNUSED_FUNCTION = YES;
				GCC_WARN_UNUSED_VARIABLE = YES;
				IPHONEOS_DEPLOYMENT_TARGET = 16.0;
				LOCALIZATION_PREFERS_STRING_CATALOGS = YES;
				MTL_ENABLE_DEBUG_INFO = NO;
				MTL_FAST_MATH = YES;
				SWIFT_COMPILATION_MODE = wholemodule;
				WATCHOS_DEPLOYMENT_TARGET = 9.0;
			};
			name = Release;
		};
		BEF748512AF02AB000E8FB8B /* Debug */ = {
			isa = XCBuildConfiguration;
			buildSettings = {
				ASSETCATALOG_COMPILER_APPICON_NAME = AppIcon;
				ASSETCATALOG_COMPILER_GLOBAL_ACCENT_COLOR_NAME = AccentColor;
				CODE_SIGN_STYLE = Automatic;
				CURRENT_PROJECT_VERSION = 1;
				DEVELOPMENT_ASSET_PATHS = "\"ascenttt Watch App/Preview Content\"";
				DEVELOPMENT_TEAM = NJYYRNFLHT;
				ENABLE_PREVIEWS = YES;
				GENERATE_INFOPLIST_FILE = YES;
				INFOPLIST_FILE = "ascenttt-Watch-App-Info.plist";
				INFOPLIST_KEY_UISupportedInterfaceOrientations = "UIInterfaceOrientationPortrait UIInterfaceOrientationPortraitUpsideDown";
				INFOPLIST_KEY_WKCompanionAppBundleIdentifier = com.ascent.michelle.swooz;
				LD_RUNPATH_SEARCH_PATHS = (
					"$(inherited)",
					"@executable_path/Frameworks",
				);
				MARKETING_VERSION = 1.1;
				PRODUCT_BUNDLE_IDENTIFIER = com.ascent.michelle.swooz.watchkitapp;
				PRODUCT_NAME = Swooz;
				SDKROOT = watchos;
				SKIP_INSTALL = YES;
				SWIFT_EMIT_LOC_STRINGS = YES;
				SWIFT_VERSION = 5.0;
				TARGETED_DEVICE_FAMILY = 4;
				WATCHOS_DEPLOYMENT_TARGET = 9.0;
			};
			name = Debug;
		};
		BEF748522AF02AB000E8FB8B /* Release */ = {
			isa = XCBuildConfiguration;
			buildSettings = {
				ASSETCATALOG_COMPILER_APPICON_NAME = AppIcon;
				ASSETCATALOG_COMPILER_GLOBAL_ACCENT_COLOR_NAME = AccentColor;
				CODE_SIGN_STYLE = Automatic;
				CURRENT_PROJECT_VERSION = 1;
				DEVELOPMENT_ASSET_PATHS = "\"ascenttt Watch App/Preview Content\"";
				DEVELOPMENT_TEAM = NJYYRNFLHT;
				ENABLE_PREVIEWS = YES;
				GENERATE_INFOPLIST_FILE = YES;
				INFOPLIST_FILE = "ascenttt-Watch-App-Info.plist";
				INFOPLIST_KEY_UISupportedInterfaceOrientations = "UIInterfaceOrientationPortrait UIInterfaceOrientationPortraitUpsideDown";
				INFOPLIST_KEY_WKCompanionAppBundleIdentifier = com.ascent.michelle.swooz;
				LD_RUNPATH_SEARCH_PATHS = (
					"$(inherited)",
					"@executable_path/Frameworks",
				);
				MARKETING_VERSION = 1.1;
				PRODUCT_BUNDLE_IDENTIFIER = com.ascent.michelle.swooz.watchkitapp;
				PRODUCT_NAME = Swooz;
				SDKROOT = watchos;
				SKIP_INSTALL = YES;
				SWIFT_EMIT_LOC_STRINGS = YES;
				SWIFT_VERSION = 5.0;
				TARGETED_DEVICE_FAMILY = 4;
				VALIDATE_PRODUCT = YES;
				WATCHOS_DEPLOYMENT_TARGET = 9.0;
			};
			name = Release;
		};
		BEF748552AF02AB000E8FB8B /* Debug */ = {
			isa = XCBuildConfiguration;
			buildSettings = {
				ALWAYS_EMBED_SWIFT_STANDARD_LIBRARIES = YES;
				ASSETCATALOG_COMPILER_APPICON_NAME = AppIcon;
				ASSETCATALOG_COMPILER_GLOBAL_ACCENT_COLOR_NAME = AccentColor;
				CODE_SIGN_STYLE = Automatic;
				CURRENT_PROJECT_VERSION = 1;
				DEVELOPMENT_ASSET_PATHS = "\"ascenttt/Preview Content\"";
				DEVELOPMENT_TEAM = NJYYRNFLHT;
				ENABLE_PREVIEWS = YES;
				GENERATE_INFOPLIST_FILE = YES;
				INFOPLIST_FILE = ascenttt/Info.plist;
				INFOPLIST_KEY_CFBundleDisplayName = Swooz;
				INFOPLIST_KEY_NSAppleMusicUsageDescription = "";
				INFOPLIST_KEY_NSCameraUsageDescription = "SWOOZ records and analyzes your drill, providing data results.";
				INFOPLIST_KEY_NSMicrophoneUsageDescription = "You microphone will be used to record your speech when you press the \"Start Recording\" button";
				INFOPLIST_KEY_NSPhotoLibraryUsageDescription = "SWOOZ records and analyzes your drill, providing data results.";
				INFOPLIST_KEY_UIApplicationSceneManifest_Generation = YES;
				INFOPLIST_KEY_UIApplicationSupportsIndirectInputEvents = YES;
				INFOPLIST_KEY_UILaunchScreen_Generation = YES;
				INFOPLIST_KEY_UISupportedInterfaceOrientations = "UIInterfaceOrientationLandscapeRight UIInterfaceOrientationPortrait";
				IPHONEOS_DEPLOYMENT_TARGET = 16.0;
				LD_RUNPATH_SEARCH_PATHS = (
					"$(inherited)",
					"@executable_path/Frameworks",
				);
				MARKETING_VERSION = 1.1;
				PRODUCT_BUNDLE_IDENTIFIER = com.ascent.michelle.swooz;
				PRODUCT_NAME = "$(TARGET_NAME)";
				SDKROOT = iphoneos;
				SUPPORTED_PLATFORMS = "iphoneos iphonesimulator";
				SUPPORTS_MACCATALYST = NO;
				SUPPORTS_MAC_DESIGNED_FOR_IPHONE_IPAD = NO;
				SWIFT_EMIT_LOC_STRINGS = YES;
				SWIFT_VERSION = 5.0;
				TARGETED_DEVICE_FAMILY = 1;
			};
			name = Debug;
		};
		BEF748562AF02AB000E8FB8B /* Release */ = {
			isa = XCBuildConfiguration;
			buildSettings = {
				ALWAYS_EMBED_SWIFT_STANDARD_LIBRARIES = YES;
				ASSETCATALOG_COMPILER_APPICON_NAME = AppIcon;
				ASSETCATALOG_COMPILER_GLOBAL_ACCENT_COLOR_NAME = AccentColor;
				CODE_SIGN_STYLE = Automatic;
				CURRENT_PROJECT_VERSION = 1;
				DEVELOPMENT_ASSET_PATHS = "\"ascenttt/Preview Content\"";
				DEVELOPMENT_TEAM = NJYYRNFLHT;
				ENABLE_PREVIEWS = YES;
				GENERATE_INFOPLIST_FILE = YES;
				INFOPLIST_FILE = ascenttt/Info.plist;
				INFOPLIST_KEY_CFBundleDisplayName = Swooz;
				INFOPLIST_KEY_NSAppleMusicUsageDescription = "";
				INFOPLIST_KEY_NSCameraUsageDescription = "SWOOZ records and analyzes your drill, providing data results.";
				INFOPLIST_KEY_NSMicrophoneUsageDescription = "You microphone will be used to record your speech when you press the \"Start Recording\" button";
				INFOPLIST_KEY_NSPhotoLibraryUsageDescription = "SWOOZ records and analyzes your drill, providing data results.";
				INFOPLIST_KEY_UIApplicationSceneManifest_Generation = YES;
				INFOPLIST_KEY_UIApplicationSupportsIndirectInputEvents = YES;
				INFOPLIST_KEY_UILaunchScreen_Generation = YES;
				INFOPLIST_KEY_UISupportedInterfaceOrientations = "UIInterfaceOrientationLandscapeRight UIInterfaceOrientationPortrait";
				IPHONEOS_DEPLOYMENT_TARGET = 16.0;
				LD_RUNPATH_SEARCH_PATHS = (
					"$(inherited)",
					"@executable_path/Frameworks",
				);
				MARKETING_VERSION = 1.1;
				PRODUCT_BUNDLE_IDENTIFIER = com.ascent.michelle.swooz;
				PRODUCT_NAME = "$(TARGET_NAME)";
				SDKROOT = iphoneos;
				SUPPORTED_PLATFORMS = "iphoneos iphonesimulator";
				SUPPORTS_MACCATALYST = NO;
				SUPPORTS_MAC_DESIGNED_FOR_IPHONE_IPAD = NO;
				SWIFT_EMIT_LOC_STRINGS = YES;
				SWIFT_VERSION = 5.0;
				TARGETED_DEVICE_FAMILY = 1;
				VALIDATE_PRODUCT = YES;
			};
			name = Release;
		};
/* End XCBuildConfiguration section */

/* Begin XCConfigurationList section */
		BEF7482B2AF02AAF00E8FB8B /* Build configuration list for PBXProject "ascenttt" */ = {
			isa = XCConfigurationList;
			buildConfigurations = (
				BEF7484E2AF02AB000E8FB8B /* Debug */,
				BEF7484F2AF02AB000E8FB8B /* Release */,
			);
			defaultConfigurationIsVisible = 0;
			defaultConfigurationName = Release;
		};
		BEF748502AF02AB000E8FB8B /* Build configuration list for PBXNativeTarget "ascenttt Watch App" */ = {
			isa = XCConfigurationList;
			buildConfigurations = (
				BEF748512AF02AB000E8FB8B /* Debug */,
				BEF748522AF02AB000E8FB8B /* Release */,
			);
			defaultConfigurationIsVisible = 0;
			defaultConfigurationName = Release;
		};
		BEF748542AF02AB000E8FB8B /* Build configuration list for PBXNativeTarget "ascenttt" */ = {
			isa = XCConfigurationList;
			buildConfigurations = (
				BEF748552AF02AB000E8FB8B /* Debug */,
				BEF748562AF02AB000E8FB8B /* Release */,
			);
			defaultConfigurationIsVisible = 0;
			defaultConfigurationName = Release;
		};
/* End XCConfigurationList section */

/* Begin XCRemoteSwiftPackageReference section */
		BEA1C0AE2AF0412B00BFF1A4 /* XCRemoteSwiftPackageReference "lottie-ios" */ = {
			isa = XCRemoteSwiftPackageReference;
			repositoryURL = "https://github.com/airbnb/lottie-ios.git";
			requirement = {
				kind = upToNextMajorVersion;
				minimumVersion = 4.3.3;
			};
		};
/* End XCRemoteSwiftPackageReference section */

/* Begin XCSwiftPackageProductDependency section */
		BE8F8DF22AF044A900616288 /* Lottie */ = {
			isa = XCSwiftPackageProductDependency;
			package = BEA1C0AE2AF0412B00BFF1A4 /* XCRemoteSwiftPackageReference "lottie-ios" */;
			productName = Lottie;
		};
/* End XCSwiftPackageProductDependency section */

/* Begin XCVersionGroup section */
		18AD0C112AF95ADB0019DD60 /* Database.xcdatamodeld */ = {
			isa = XCVersionGroup;
			children = (
				18AD0C122AF95ADB0019DD60 /* Database.xcdatamodel */,
			);
			currentVersion = 18AD0C122AF95ADB0019DD60 /* Database.xcdatamodel */;
			path = Database.xcdatamodeld;
			sourceTree = "<group>";
			versionGroupType = wrapper.xcdatamodel;
		};
/* End XCVersionGroup section */
	};
	rootObject = BEF748282AF02AAF00E8FB8B /* Project object */;
}
